{
  "name": "renq",
  "version": "0.0.1",
  "lockfileVersion": 1,
  "requires": true,
  "dependencies": {
    "pad-number": {
      "version": "0.0.4",
      "resolved": "https://registry.npmjs.org/pad-number/-/pad-number-0.0.4.tgz",
      "integrity": "sha1-y4/cDk3xnGKzQfa3etaDhg8Uvjk="
    }
  }
}
